
Microsoft Visual Studio Solution File, Format Version 12.00
# Visual Studio Version 17
VisualStudioVersion = 17.13.35818.85 d17.13
MinimumVisualStudioVersion = 10.0.40219.1
Project("{FAE04EC0-301F-11D3-BF4B-00C04F79EFBC}") = "ProyectoAeropuerto", "ProyectoAeropuerto\ProyectoAeropuerto.csproj", "{A485F3F6-3CA0-40FD-AE1C-EF9473372CF5}"
EndProject
Global
	GlobalSection(SolutionConfigurationPlatforms) = preSolution
		Debug|Any CPU = Debug|Any CPU
		Release|Any CPU = Release|Any CPU
	EndGlobalSection
	GlobalSection(ProjectConfigurationPlatforms) = postSolution
		{A485F3F6-3CA0-40FD-AE1C-EF9473372CF5}.Debug|Any CPU.ActiveCfg = Debug|Any CPU
		{A485F3F6-3CA0-40FD-AE1C-EF9473372CF5}.Debug|Any CPU.Build.0 = Debug|Any CPU
		{A485F3F6-3CA0-40FD-AE1C-EF9473372CF5}.Release|Any CPU.ActiveCfg = Release|Any CPU
		{A485F3F6-3CA0-40FD-AE1C-EF9473372CF5}.Release|Any CPU.Build.0 = Release|Any CPU
	EndGlobalSection
	GlobalSection(SolutionProperties) = preSolution
		HideSolutionNode = FALSE
	EndGlobalSection
	GlobalSection(ExtensibilityGlobals) = postSolution
		SolutionGuid = {1A19E6FD-C074-4048-868F-5C19FC44ACD1}
	EndGlobalSection
EndGlobal
